
Microsoft Visual Studio Solution File, Format Version 12.00
# Visual Studio Version 16
VisualStudioVersion = 16.0.29806.167
MinimumVisualStudioVersion = 10.0.40219.1
Project("{9A19103F-16F7-4668-BE54-9A1E7A4F7556}") = "LibraryApi", "Library\LibraryApi.csproj", "{15939B15-93DA-4ED2-BA55-71FE3D5D2EC8}"
EndProject
Project("{FAE04EC0-301F-11D3-BF4B-00C04F79EFBC}") = "LibraryApiIntegrationTests", "LibraryApiIntegrationTests\LibraryApiIntegrationTests.csproj", "{9B28E267-418A-495C-B305-2E79ACF88F5D}"
EndProject
Global
	GlobalSection(SolutionConfigurationPlatforms) = preSolution
		Debug|Any CPU = Debug|Any CPU
		Release|Any CPU = Release|Any CPU
	EndGlobalSection
	GlobalSection(ProjectConfigurationPlatforms) = postSolution
		{15939B15-93DA-4ED2-BA55-71FE3D5D2EC8}.Debug|Any CPU.ActiveCfg = Debug|Any CPU
		{15939B15-93DA-4ED2-BA55-71FE3D5D2EC8}.Debug|Any CPU.Build.0 = Debug|Any CPU
		{15939B15-93DA-4ED2-BA55-71FE3D5D2EC8}.Release|Any CPU.ActiveCfg = Release|Any CPU
		{15939B15-93DA-4ED2-BA55-71FE3D5D2EC8}.Release|Any CPU.Build.0 = Release|Any CPU
		{9B28E267-418A-495C-B305-2E79ACF88F5D}.Debug|Any CPU.ActiveCfg = Debug|Any CPU
		{9B28E267-418A-495C-B305-2E79ACF88F5D}.Debug|Any CPU.Build.0 = Debug|Any CPU
		{9B28E267-418A-495C-B305-2E79ACF88F5D}.Release|Any CPU.ActiveCfg = Release|Any CPU
		{9B28E267-418A-495C-B305-2E79ACF88F5D}.Release|Any CPU.Build.0 = Release|Any CPU
	EndGlobalSection
	GlobalSection(SolutionProperties) = preSolution
		HideSolutionNode = FALSE
	EndGlobalSection
	GlobalSection(ExtensibilityGlobals) = postSolution
		SolutionGuid = {68C9B228-D657-4DF0-BA04-7AA99968996D}
	EndGlobalSection
EndGlobal
